
Microsoft Visual Studio Solution File, Format Version 12.00
# Visual Studio Version 17
VisualStudioVersion = 17.14.36518.9
MinimumVisualStudioVersion = 10.0.40219.1
Project("{FAE04EC0-301F-11D3-BF4B-00C04F79EFBC}") = "ApiProjectCamp.WebAPI", "ApiProjectCamp.WebAPI\ApiProjectCamp.WebAPI.csproj", "{79FE8C54-F8C4-403B-95D3-95CC4D0CF6F3}"
EndProject
Project("{FAE04EC0-301F-11D3-BF4B-00C04F79EFBC}") = "ApiProjectCamp.WebUI", "ApiProjectCamp.WebUI\ApiProjectCamp.WebUI.csproj", "{6FF205F0-18CC-45A1-A273-CBE74D1CAF84}"
EndProject
Global
	GlobalSection(SolutionConfigurationPlatforms) = preSolution
		Debug|Any CPU = Debug|Any CPU
		Release|Any CPU = Release|Any CPU
	EndGlobalSection
	GlobalSection(ProjectConfigurationPlatforms) = postSolution
		{79FE8C54-F8C4-403B-95D3-95CC4D0CF6F3}.Debug|Any CPU.ActiveCfg = Debug|Any CPU
		{79FE8C54-F8C4-403B-95D3-95CC4D0CF6F3}.Debug|Any CPU.Build.0 = Debug|Any CPU
		{79FE8C54-F8C4-403B-95D3-95CC4D0CF6F3}.Release|Any CPU.ActiveCfg = Release|Any CPU
		{79FE8C54-F8C4-403B-95D3-95CC4D0CF6F3}.Release|Any CPU.Build.0 = Release|Any CPU
		{6FF205F0-18CC-45A1-A273-CBE74D1CAF84}.Debug|Any CPU.ActiveCfg = Debug|Any CPU
		{6FF205F0-18CC-45A1-A273-CBE74D1CAF84}.Debug|Any CPU.Build.0 = Debug|Any CPU
		{6FF205F0-18CC-45A1-A273-CBE74D1CAF84}.Release|Any CPU.ActiveCfg = Release|Any CPU
		{6FF205F0-18CC-45A1-A273-CBE74D1CAF84}.Release|Any CPU.Build.0 = Release|Any CPU
	EndGlobalSection
	GlobalSection(SolutionProperties) = preSolution
		HideSolutionNode = FALSE
	EndGlobalSection
	GlobalSection(ExtensibilityGlobals) = postSolution
		SolutionGuid = {17A3C2F8-7FF2-43FA-827C-303A93F4E4A8}
	EndGlobalSection
EndGlobal
